
Microsoft Visual Studio Solution File, Format Version 12.00
# Visual Studio Version 17
VisualStudioVersion = 17.2.32526.322
MinimumVisualStudioVersion = 10.0.40219.1
Project("{9A19103F-16F7-4668-BE54-9A1E7A4F7556}") = "baseVISION.Tool.Connectors.RunMyAccount", "baseVISION.Tool.Connectors.RunMyAccount\baseVISION.Tool.Connectors.RunMyAccount.csproj", "{89AE7B92-375E-4DE7-BA2C-E31E804C9976}"
EndProject
Project("{9A19103F-16F7-4668-BE54-9A1E7A4F7556}") = "baseVISION.Tool.Connectors.RunMyAccount.Test", "baseVISION.Tool.Connectors.RunMyAccount.Test\baseVISION.Tool.Connectors.RunMyAccount.Test.csproj", "{8B08123F-0833-43E4-97FE-C12F34E35F5F}"
EndProject
Project("{FAE04EC0-301F-11D3-BF4B-00C04F79EFBC}") = "baseVISION.Core.Connectors.RunMyAccount", "baseVISION.Core.Connectors.RunMyAccount\baseVISION.Core.Connectors.RunMyAccount.csproj", "{BEBE7319-2F58-4E22-BD14-078F9A535169}"
EndProject
Global
	GlobalSection(SolutionConfigurationPlatforms) = preSolution
		Debug|Any CPU = Debug|Any CPU
		Debug|x64 = Debug|x64
		Release|Any CPU = Release|Any CPU
		Release|x64 = Release|x64
	EndGlobalSection
	GlobalSection(ProjectConfigurationPlatforms) = postSolution
		{89AE7B92-375E-4DE7-BA2C-E31E804C9976}.Debug|Any CPU.ActiveCfg = Debug|Any CPU
		{89AE7B92-375E-4DE7-BA2C-E31E804C9976}.Debug|Any CPU.Build.0 = Debug|Any CPU
		{89AE7B92-375E-4DE7-BA2C-E31E804C9976}.Debug|x64.ActiveCfg = Debug|Any CPU
		{89AE7B92-375E-4DE7-BA2C-E31E804C9976}.Release|Any CPU.ActiveCfg = Release|Any CPU
		{89AE7B92-375E-4DE7-BA2C-E31E804C9976}.Release|Any CPU.Build.0 = Release|Any CPU
		{89AE7B92-375E-4DE7-BA2C-E31E804C9976}.Release|x64.ActiveCfg = Release|Any CPU
		{8B08123F-0833-43E4-97FE-C12F34E35F5F}.Debug|Any CPU.ActiveCfg = Debug|Any CPU
		{8B08123F-0833-43E4-97FE-C12F34E35F5F}.Debug|Any CPU.Build.0 = Debug|Any CPU
		{8B08123F-0833-43E4-97FE-C12F34E35F5F}.Debug|x64.ActiveCfg = Debug|Any CPU
		{8B08123F-0833-43E4-97FE-C12F34E35F5F}.Debug|x64.Build.0 = Debug|Any CPU
		{8B08123F-0833-43E4-97FE-C12F34E35F5F}.Release|Any CPU.ActiveCfg = Release|Any CPU
		{8B08123F-0833-43E4-97FE-C12F34E35F5F}.Release|Any CPU.Build.0 = Release|Any CPU
		{8B08123F-0833-43E4-97FE-C12F34E35F5F}.Release|x64.ActiveCfg = Release|Any CPU
		{8B08123F-0833-43E4-97FE-C12F34E35F5F}.Release|x64.Build.0 = Release|Any CPU
		{BEBE7319-2F58-4E22-BD14-078F9A535169}.Debug|Any CPU.ActiveCfg = Debug|Any CPU
		{BEBE7319-2F58-4E22-BD14-078F9A535169}.Debug|Any CPU.Build.0 = Debug|Any CPU
		{BEBE7319-2F58-4E22-BD14-078F9A535169}.Debug|x64.ActiveCfg = Debug|Any CPU
		{BEBE7319-2F58-4E22-BD14-078F9A535169}.Debug|x64.Build.0 = Debug|Any CPU
		{BEBE7319-2F58-4E22-BD14-078F9A535169}.Release|Any CPU.ActiveCfg = Release|Any CPU
		{BEBE7319-2F58-4E22-BD14-078F9A535169}.Release|Any CPU.Build.0 = Release|Any CPU
		{BEBE7319-2F58-4E22-BD14-078F9A535169}.Release|x64.ActiveCfg = Release|Any CPU
		{BEBE7319-2F58-4E22-BD14-078F9A535169}.Release|x64.Build.0 = Release|Any CPU
	EndGlobalSection
	GlobalSection(SolutionProperties) = preSolution
		HideSolutionNode = FALSE
	EndGlobalSection
	GlobalSection(ExtensibilityGlobals) = postSolution
		SolutionGuid = {D467893E-A069-4DC5-8D8C-229278B5F5BC}
	EndGlobalSection
EndGlobal
