
Microsoft Visual Studio Solution File, Format Version 12.00
# Visual Studio 15
VisualStudioVersion = 15.0.27428.2027
MinimumVisualStudioVersion = 10.0.40219.1
Project("{9A19103F-16F7-4668-BE54-9A1E7A4F7556}") = "baseVISION.Tool.Connectors.RunMyAccount", "baseVISION.Tool.Connectors.RunMyAccount.csproj", "{50E3BA73-F69D-4E33-85FA-5A74582C3499}"
EndProject
Global
	GlobalSection(SolutionConfigurationPlatforms) = preSolution
		Debug|Any CPU = Debug|Any CPU
		Release|Any CPU = Release|Any CPU
	EndGlobalSection
	GlobalSection(ProjectConfigurationPlatforms) = postSolution
		{50E3BA73-F69D-4E33-85FA-5A74582C3499}.Debug|Any CPU.ActiveCfg = Debug|Any CPU
		{50E3BA73-F69D-4E33-85FA-5A74582C3499}.Debug|Any CPU.Build.0 = Debug|Any CPU
		{50E3BA73-F69D-4E33-85FA-5A74582C3499}.Release|Any CPU.ActiveCfg = Release|Any CPU
		{50E3BA73-F69D-4E33-85FA-5A74582C3499}.Release|Any CPU.Build.0 = Release|Any CPU
	EndGlobalSection
	GlobalSection(SolutionProperties) = preSolution
		HideSolutionNode = FALSE
	EndGlobalSection
	GlobalSection(ExtensibilityGlobals) = postSolution
		SolutionGuid = {D467893E-A069-4DC5-8D8C-229278B5F5BC}
	EndGlobalSection
EndGlobal
